// !$*UTF8*$!
{
	archiveVersion = 1;
	classes = {
	};
	objectVersion = 50;
	objects = {

/* Begin PBXBuildFile section */
		F2FF95B020BEF1DA00537B48 /* AppDelegate.swift in Sources */ = {isa = PBXBuildFile; fileRef = F2FF95AF20BEF1DA00537B48 /* AppDelegate.swift */; };
		F2FF95B220BEF1DA00537B48 /* ViewController.swift in Sources */ = {isa = PBXBuildFile; fileRef = F2FF95B120BEF1DA00537B48 /* ViewController.swift */; };
		F2FF95B520BEF1DA00537B48 /* Main.storyboard in Resources */ = {isa = PBXBuildFile; fileRef = F2FF95B320BEF1DA00537B48 /* Main.storyboard */; };
		F2FF95B720BEF1DB00537B48 /* Assets.xcassets in Resources */ = {isa = PBXBuildFile; fileRef = F2FF95B620BEF1DB00537B48 /* Assets.xcassets */; };
		F2FF95BA20BEF1DB00537B48 /* LaunchScreen.storyboard in Resources */ = {isa = PBXBuildFile; fileRef = F2FF95B820BEF1DB00537B48 /* LaunchScreen.storyboard */; };
		F2FF95C520BEF1DB00537B48 /* News_appTests.swift in Sources */ = {isa = PBXBuildFile; fileRef = F2FF95C420BEF1DB00537B48 /* News_appTests.swift */; };
		F2FF95D020BEF1DB00537B48 /* News_appUITests.swift in Sources */ = {isa = PBXBuildFile; fileRef = F2FF95CF20BEF1DB00537B48 /* News_appUITests.swift */; };
		F2FF95DE20BEF29100537B48 /* noimage.png in Resources */ = {isa = PBXBuildFile; fileRef = F2FF95DD20BEF29100537B48 /* noimage.png */; };
		F2FF95E020BEF32700537B48 /* ArticleCellTableViewCell.swift in Sources */ = {isa = PBXBuildFile; fileRef = F2FF95DF20BEF32700537B48 /* ArticleCellTableViewCell.swift */; };
		F2FF95E220BEF37200537B48 /* WebView.storyboard in Resources */ = {isa = PBXBuildFile; fileRef = F2FF95E120BEF37200537B48 /* WebView.storyboard */; };
		F2FF95E620BEF59700537B48 /* WebView.swift in Sources */ = {isa = PBXBuildFile; fileRef = F2FF95E520BEF59700537B48 /* WebView.swift */; };
/* End PBXBuildFile section */

/* Begin PBXContainerItemProxy section */
		F2FF95C120BEF1DB00537B48 /* PBXContainerItemProxy */ = {
			isa = PBXContainerItemProxy;
			containerPortal = F2FF95A420BEF1DA00537B48 /* Project object */;
			proxyType = 1;
			remoteGlobalIDString = F2FF95AB20BEF1DA00537B48;
			remoteInfo = News_app;
		};
		F2FF95CC20BEF1DB00537B48 /* PBXContainerItemProxy */ = {
			isa = PBXContainerItemProxy;
			containerPortal = F2FF95A420BEF1DA00537B48 /* Project object */;
			proxyType = 1;
			remoteGlobalIDString = F2FF95AB20BEF1DA00537B48;
			remoteInfo = News_app;
		};
/* End PBXContainerItemProxy section */

/* Begin PBXFileReference section */
		F2FF95AC20BEF1DA00537B48 /* News_app.app */ = {isa = PBXFileReference; explicitFileType = wrapper.application; includeInIndex = 0; path = News_app.app; sourceTree = BUILT_PRODUCTS_DIR; };
		F2FF95AF20BEF1DA00537B48 /* AppDelegate.swift */ = {isa = PBXFileReference; lastKnownFileType = sourcecode.swift; path = AppDelegate.swift; sourceTree = "<group>"; };
		F2FF95B120BEF1DA00537B48 /* ViewController.swift */ = {isa = PBXFileReference; lastKnownFileType = sourcecode.swift; path = ViewController.swift; sourceTree = "<group>"; };
		F2FF95B420BEF1DA00537B48 /* Base */ = {isa = PBXFileReference; lastKnownFileType = file.storyboard; name = Base; path = Base.lproj/Main.storyboard; sourceTree = "<group>"; };
		F2FF95B620BEF1DB00537B48 /* Assets.xcassets */ = {isa = PBXFileReference; lastKnownFileType = folder.assetcatalog; path = Assets.xcassets; sourceTree = "<group>"; };
		F2FF95B920BEF1DB00537B48 /* Base */ = {isa = PBXFileReference; lastKnownFileType = file.storyboard; name = Base; path = Base.lproj/LaunchScreen.storyboard; sourceTree = "<group>"; };
		F2FF95BB20BEF1DB00537B48 /* Info.plist */ = {isa = PBXFileReference; lastKnownFileType = text.plist.xml; path = Info.plist; sourceTree = "<group>"; };
		F2FF95C020BEF1DB00537B48 /* News_appTests.xctest */ = {isa = PBXFileReference; explicitFileType = wrapper.cfbundle; includeInIndex = 0; path = News_appTests.xctest; sourceTree = BUILT_PRODUCTS_DIR; };
		F2FF95C420BEF1DB00537B48 /* News_appTests.swift */ = {isa = PBXFileReference; lastKnownFileType = sourcecode.swift; path = News_appTests.swift; sourceTree = "<group>"; };
		F2FF95C620BEF1DB00537B48 /* Info.plist */ = {isa = PBXFileReference; lastKnownFileType = text.plist.xml; path = Info.plist; sourceTree = "<group>"; };
		F2FF95CB20BEF1DB00537B48 /* News_appUITests.xctest */ = {isa = PBXFileReference; explicitFileType = wrapper.cfbundle; includeInIndex = 0; path = News_appUITests.xctest; sourceTree = BUILT_PRODUCTS_DIR; };
		F2FF95CF20BEF1DB00537B48 /* News_appUITests.swift */ = {isa = PBXFileReference; lastKnownFileType = sourcecode.swift; path = News_appUITests.swift; sourceTree = "<group>"; };
		F2FF95D120BEF1DB00537B48 /* Info.plist */ = {isa = PBXFileReference; lastKnownFileType = text.plist.xml; path = Info.plist; sourceTree = "<group>"; };
		F2FF95DD20BEF29100537B48 /* noimage.png */ = {isa = PBXFileReference; lastKnownFileType = image.png; path = noimage.png; sourceTree = "<group>"; };
		F2FF95DF20BEF32700537B48 /* ArticleCellTableViewCell.swift */ = {isa = PBXFileReference; fileEncoding = 4; lastKnownFileType = sourcecode.swift; path = ArticleCellTableViewCell.swift; sourceTree = "<group>"; };
		F2FF95E120BEF37200537B48 /* WebView.storyboard */ = {isa = PBXFileReference; fileEncoding = 4; lastKnownFileType = file.storyboard; path = WebView.storyboard; sourceTree = "<group>"; };
		F2FF95E520BEF59700537B48 /* WebView.swift */ = {isa = PBXFileReference; lastKnownFileType = sourcecode.swift; path = WebView.swift; sourceTree = "<group>"; };
/* End PBXFileReference section */

/* Begin PBXFrameworksBuildPhase section */
		F2FF95A920BEF1DA00537B48 /* Frameworks */ = {
			isa = PBXFrameworksBuildPhase;
			buildActionMask = 2147483647;
			files = (
			);
			runOnlyForDeploymentPostprocessing = 0;
		};
		F2FF95BD20BEF1DB00537B48 /* Frameworks */ = {
			isa = PBXFrameworksBuildPhase;
			buildActionMask = 2147483647;
			files = (
			);
			runOnlyForDeploymentPostprocessing = 0;
		};
		F2FF95C820BEF1DB00537B48 /* Frameworks */ = {
			isa = PBXFrameworksBuildPhase;
			buildActionMask = 2147483647;
			files = (
			);
			runOnlyForDeploymentPostprocessing = 0;
		};
/* End PBXFrameworksBuildPhase section */

/* Begin PBXGroup section */
		F2FF95A320BEF1DA00537B48 = {
			isa = PBXGroup;
			children = (
				F2FF95AE20BEF1DA00537B48 /* News_app */,
				F2FF95C320BEF1DB00537B48 /* News_appTests */,
				F2FF95CE20BEF1DB00537B48 /* News_appUITests */,
				F2FF95AD20BEF1DA00537B48 /* Products */,
			);
			sourceTree = "<group>";
		};
		F2FF95AD20BEF1DA00537B48 /* Products */ = {
			isa = PBXGroup;
			children = (
				F2FF95AC20BEF1DA00537B48 /* News_app.app */,
				F2FF95C020BEF1DB00537B48 /* News_appTests.xctest */,
				F2FF95CB20BEF1DB00537B48 /* News_appUITests.xctest */,
			);
			name = Products;
			sourceTree = "<group>";
		};
		F2FF95AE20BEF1DA00537B48 /* News_app */ = {
			isa = PBXGroup;
			children = (
				F2FF95E120BEF37200537B48 /* WebView.storyboard */,
				F2FF95DF20BEF32700537B48 /* ArticleCellTableViewCell.swift */,
				F2FF95DD20BEF29100537B48 /* noimage.png */,
				F2FF95AF20BEF1DA00537B48 /* AppDelegate.swift */,
				F2FF95B120BEF1DA00537B48 /* ViewController.swift */,
				F2FF95B320BEF1DA00537B48 /* Main.storyboard */,
				F2FF95B620BEF1DB00537B48 /* Assets.xcassets */,
				F2FF95B820BEF1DB00537B48 /* LaunchScreen.storyboard */,
				F2FF95BB20BEF1DB00537B48 /* Info.plist */,
				F2FF95E520BEF59700537B48 /* WebView.swift */,
			);
			path = News_app;
			sourceTree = "<group>";
		};
		F2FF95C320BEF1DB00537B48 /* News_appTests */ = {
			isa = PBXGroup;
			children = (
				F2FF95C420BEF1DB00537B48 /* News_appTests.swift */,
				F2FF95C620BEF1DB00537B48 /* Info.plist */,
			);
			path = News_appTests;
			sourceTree = "<group>";
		};
		F2FF95CE20BEF1DB00537B48 /* News_appUITests */ = {
			isa = PBXGroup;
			children = (
				F2FF95CF20BEF1DB00537B48 /* News_appUITests.swift */,
				F2FF95D120BEF1DB00537B48 /* Info.plist */,
			);
			path = News_appUITests;
			sourceTree = "<group>";
		};
/* End PBXGroup section */

/* Begin PBXNativeTarget section */
		F2FF95AB20BEF1DA00537B48 /* News_app */ = {
			isa = PBXNativeTarget;
			buildConfigurationList = F2FF95D420BEF1DB00537B48 /* Build configuration list for PBXNativeTarget "News_app" */;
			buildPhases = (
				F2FF95A820BEF1DA00537B48 /* Sources */,
				F2FF95A920BEF1DA00537B48 /* Frameworks */,
				F2FF95AA20BEF1DA00537B48 /* Resources */,
			);
			buildRules = (
			);
			dependencies = (
			);
			name = News_app;
			productName = News_app;
			productReference = F2FF95AC20BEF1DA00537B48 /* News_app.app */;
			productType = "com.apple.product-type.application";
		};
		F2FF95BF20BEF1DB00537B48 /* News_appTests */ = {
			isa = PBXNativeTarget;
			buildConfigurationList = F2FF95D720BEF1DB00537B48 /* Build configuration list for PBXNativeTarget "News_appTests" */;
			buildPhases = (
				F2FF95BC20BEF1DB00537B48 /* Sources */,
				F2FF95BD20BEF1DB00537B48 /* Frameworks */,
				F2FF95BE20BEF1DB00537B48 /* Resources */,
			);
			buildRules = (
			);
			dependencies = (
				F2FF95C220BEF1DB00537B48 /* PBXTargetDependency */,
			);
			name = News_appTests;
			productName = News_appTests;
			productReference = F2FF95C020BEF1DB00537B48 /* News_appTests.xctest */;
			productType = "com.apple.product-type.bundle.unit-test";
		};
		F2FF95CA20BEF1DB00537B48 /* News_appUITests */ = {
			isa = PBXNativeTarget;
			buildConfigurationList = F2FF95DA20BEF1DB00537B48 /* Build configuration list for PBXNativeTarget "News_appUITests" */;
			buildPhases = (
				F2FF95C720BEF1DB00537B48 /* Sources */,
				F2FF95C820BEF1DB00537B48 /* Frameworks */,
				F2FF95C920BEF1DB00537B48 /* Resources */,
			);
			buildRules = (
			);
			dependencies = (
				F2FF95CD20BEF1DB00537B48 /* PBXTargetDependency */,
			);
			name = News_appUITests;
			productName = News_appUITests;
			productReference = F2FF95CB20BEF1DB00537B48 /* News_appUITests.xctest */;
			productType = "com.apple.product-type.bundle.ui-testing";
		};
/* End PBXNativeTarget section */

/* Begin PBXProject section */
		F2FF95A420BEF1DA00537B48 /* Project object */ = {
			isa = PBXProject;
			attributes = {
				LastSwiftUpdateCheck = 0930;
				LastUpgradeCheck = 0930;
				ORGANIZATIONNAME = "Oshima Haruna";
				TargetAttributes = {
					F2FF95AB20BEF1DA00537B48 = {
						CreatedOnToolsVersion = 9.3.1;
					};
					F2FF95BF20BEF1DB00537B48 = {
						CreatedOnToolsVersion = 9.3.1;
						TestTargetID = F2FF95AB20BEF1DA00537B48;
					};
					F2FF95CA20BEF1DB00537B48 = {
						CreatedOnToolsVersion = 9.3.1;
						TestTargetID = F2FF95AB20BEF1DA00537B48;
					};
				};
			};
			buildConfigurationList = F2FF95A720BEF1DA00537B48 /* Build configuration list for PBXProject "News_app" */;
			compatibilityVersion = "Xcode 9.3";
			developmentRegion = en;
			hasScannedForEncodings = 0;
			knownRegions = (
				en,
				Base,
			);
			mainGroup = F2FF95A320BEF1DA00537B48;
			productRefGroup = F2FF95AD20BEF1DA00537B48 /* Products */;
			projectDirPath = "";
			projectRoot = "";
			targets = (
				F2FF95AB20BEF1DA00537B48 /* News_app */,
				F2FF95BF20BEF1DB00537B48 /* News_appTests */,
				F2FF95CA20BEF1DB00537B48 /* News_appUITests */,
			);
		};
/* End PBXProject section */

/* Begin PBXResourcesBuildPhase section */
		F2FF95AA20BEF1DA00537B48 /* Resources */ = {
			isa = PBXResourcesBuildPhase;
			buildActionMask = 2147483647;
			files = (
				F2FF95E220BEF37200537B48 /* WebView.storyboard in Resources */,
				F2FF95BA20BEF1DB00537B48 /* LaunchScreen.storyboard in Resources */,
				F2FF95B720BEF1DB00537B48 /* Assets.xcassets in Resources */,
				F2FF95DE20BEF29100537B48 /* noimage.png in Resources */,
				F2FF95B520BEF1DA00537B48 /* Main.storyboard in Resources */,
			);
			runOnlyForDeploymentPostprocessing = 0;
		};
		F2FF95BE20BEF1DB00537B48 /* Resources */ = {
			isa = PBXResourcesBuildPhase;
			buildActionMask = 2147483647;
			files = (
			);
			runOnlyForDeploymentPostprocessing = 0;
		};
		F2FF95C920BEF1DB00537B48 /* Resources */ = {
			isa = PBXResourcesBuildPhase;
			buildActionMask = 2147483647;
			files = (
			);
			runOnlyForDeploymentPostprocessing = 0;
		};
/* End PBXResourcesBuildPhase section */

/* Begin PBXSourcesBuildPhase section */
		F2FF95A820BEF1DA00537B48 /* Sources */ = {
			isa = PBXSourcesBuildPhase;
			buildActionMask = 2147483647;
			files = (
				F2FF95B220BEF1DA00537B48 /* ViewController.swift in Sources */,
				F2FF95E620BEF59700537B48 /* WebView.swift in Sources */,
				F2FF95B020BEF1DA00537B48 /* AppDelegate.swift in Sources */,
				F2FF95E020BEF32700537B48 /* ArticleCellTableViewCell.swift in Sources */,
			);
			runOnlyForDeploymentPostprocessing = 0;
		};
		F2FF95BC20BEF1DB00537B48 /* Sources */ = {
			isa = PBXSourcesBuildPhase;
			buildActionMask = 2147483647;
			files = (
				F2FF95C520BEF1DB00537B48 /* News_appTests.swift in Sources */,
			);
			runOnlyForDeploymentPostprocessing = 0;
		};
		F2FF95C720BEF1DB00537B48 /* Sources */ = {
			isa = PBXSourcesBuildPhase;
			buildActionMask = 2147483647;
			files = (
				F2FF95D020BEF1DB00537B48 /* News_appUITests.swift in Sources */,
			);
			runOnlyForDeploymentPostprocessing = 0;
		};
/* End PBXSourcesBuildPhase section */

/* Begin PBXTargetDependency section */
		F2FF95C220BEF1DB00537B48 /* PBXTargetDependency */ = {
			isa = PBXTargetDependency;
			target = F2FF95AB20BEF1DA00537B48 /* News_app */;
			targetProxy = F2FF95C120BEF1DB00537B48 /* PBXContainerItemProxy */;
		};
		F2FF95CD20BEF1DB00537B48 /* PBXTargetDependency */ = {
			isa = PBXTargetDependency;
			target = F2FF95AB20BEF1DA00537B48 /* News_app */;
			targetProxy = F2FF95CC20BEF1DB00537B48 /* PBXContainerItemProxy */;
		};
/* End PBXTargetDependency section */

/* Begin PBXVariantGroup section */
		F2FF95B320BEF1DA00537B48 /* Main.storyboard */ = {
			isa = PBXVariantGroup;
			children = (
				F2FF95B420BEF1DA00537B48 /* Base */,
			);
			name = Main.storyboard;
			sourceTree = "<group>";
		};
		F2FF95B820BEF1DB00537B48 /* LaunchScreen.storyboard */ = {
			isa = PBXVariantGroup;
			children = (
				F2FF95B920BEF1DB00537B48 /* Base */,
			);
			name = LaunchScreen.storyboard;
			sourceTree = "<group>";
		};
/* End PBXVariantGroup section */

/* Begin XCBuildConfiguration section */
		F2FF95D220BEF1DB00537B48 /* Debug */ = {
			isa = XCBuildConfiguration;
			buildSettings = {
				ALWAYS_SEARCH_USER_PATHS = NO;
				CLANG_ANALYZER_NONNULL = YES;
				CLANG_ANALYZER_NUMBER_OBJECT_CONVERSION = YES_AGGRESSIVE;
				CLANG_CXX_LANGUAGE_STANDARD = "gnu++14";
				CLANG_CXX_LIBRARY = "libc++";
				CLANG_ENABLE_MODULES = YES;
				CLANG_ENABLE_OBJC_ARC = YES;
				CLANG_ENABLE_OBJC_WEAK = YES;
				CLANG_WARN_BLOCK_CAPTURE_AUTORELEASING = YES;
				CLANG_WARN_BOOL_CONVERSION = YES;
				CLANG_WARN_COMMA = YES;
				CLANG_WARN_CONSTANT_CONVERSION = YES;
				CLANG_WARN_DEPRECATED_OBJC_IMPLEMENTATIONS = YES;
				CLANG_WARN_DIRECT_OBJC_ISA_USAGE = YES_ERROR;
				CLANG_WARN_DOCUMENTATION_COMMENTS = YES;
				CLANG_WARN_EMPTY_BODY = YES;
				CLANG_WARN_ENUM_CONVERSION = YES;
				CLANG_WARN_INFINITE_RECURSION = YES;
				CLANG_WARN_INT_CONVERSION = YES;
				CLANG_WARN_NON_LITERAL_NULL_CONVERSION = YES;
				CLANG_WARN_OBJC_IMPLICIT_RETAIN_SELF = YES;
				CLANG_WARN_OBJC_LITERAL_CONVERSION = YES;
				CLANG_WARN_OBJC_ROOT_CLASS = YES_ERROR;
				CLANG_WARN_RANGE_LOOP_ANALYSIS = YES;
				CLANG_WARN_STRICT_PROTOTYPES = YES;
				CLANG_WARN_SUSPICIOUS_MOVE = YES;
				CLANG_WARN_UNGUARDED_AVAILABILITY = YES_AGGRESSIVE;
				CLANG_WARN_UNREACHABLE_CODE = YES;
				CLANG_WARN__DUPLICATE_METHOD_MATCH = YES;
				CODE_SIGN_IDENTITY = "iPhone Developer";
				COPY_PHASE_STRIP = NO;
				DEBUG_INFORMATION_FORMAT = dwarf;
				ENABLE_STRICT_OBJC_MSGSEND = YES;
				ENABLE_TESTABILITY = YES;
				GCC_C_LANGUAGE_STANDARD = gnu11;
				GCC_DYNAMIC_NO_PIC = NO;
				GCC_NO_COMMON_BLOCKS = YES;
				GCC_OPTIMIZATION_LEVEL = 0;
				GCC_PREPROCESSOR_DEFINITIONS = (
					"DEBUG=1",
					"$(inherited)",
				);
				GCC_WARN_64_TO_32_BIT_CONVERSION = YES;
				GCC_WARN_ABOUT_RETURN_TYPE = YES_ERROR;
				GCC_WARN_UNDECLARED_SELECTOR = YES;
				GCC_WARN_UNINITIALIZED_AUTOS = YES_AGGRESSIVE;
				GCC_WARN_UNUSED_FUNCTION = YES;
				GCC_WARN_UNUSED_VARIABLE = YES;
				IPHONEOS_DEPLOYMENT_TARGET = 11.3;
				MTL_ENABLE_DEBUG_INFO = YES;
				ONLY_ACTIVE_ARCH = YES;
				SDKROOT = iphoneos;
				SWIFT_ACTIVE_COMPILATION_CONDITIONS = DEBUG;
				SWIFT_OPTIMIZATION_LEVEL = "-Onone";
			};
			name = Debug;
		};
		F2FF95D320BEF1DB00537B48 /* Release */ = {
			isa = XCBuildConfiguration;
			buildSettings = {
				ALWAYS_SEARCH_USER_PATHS = NO;
				CLANG_ANALYZER_NONNULL = YES;
				CLANG_ANALYZER_NUMBER_OBJECT_CONVERSION = YES_AGGRESSIVE;
				CLANG_CXX_LANGUAGE_STANDARD = "gnu++14";
				CLANG_CXX_LIBRARY = "libc++";
				CLANG_ENABLE_MODULES = YES;
				CLANG_ENABLE_OBJC_ARC = YES;
				CLANG_ENABLE_OBJC_WEAK = YES;
				CLANG_WARN_BLOCK_CAPTURE_AUTORELEASING = YES;
				CLANG_WARN_BOOL_CONVERSION = YES;
				CLANG_WARN_COMMA = YES;
				CLANG_WARN_CONSTANT_CONVERSION = YES;
				CLANG_WARN_DEPRECATED_OBJC_IMPLEMENTATIONS = YES;
				CLANG_WARN_DIRECT_OBJC_ISA_USAGE = YES_ERROR;
				CLANG_WARN_DOCUMENTATION_COMMENTS = YES;
				CLANG_WARN_EMPTY_BODY = YES;
				CLANG_WARN_ENUM_CONVERSION = YES;
				CLANG_WARN_INFINITE_RECURSION = YES;
				CLANG_WARN_INT_CONVERSION = YES;
				CLANG_WARN_NON_LITERAL_NULL_CONVERSION = YES;
				CLANG_WARN_OBJC_IMPLICIT_RETAIN_SELF = YES;
				CLANG_WARN_OBJC_LITERAL_CONVERSION = YES;
				CLANG_WARN_OBJC_ROOT_CLASS = YES_ERROR;
				CLANG_WARN_RANGE_LOOP_ANALYSIS = YES;
				CLANG_WARN_STRICT_PROTOTYPES = YES;
				CLANG_WARN_SUSPICIOUS_MOVE = YES;
				CLANG_WARN_UNGUARDED_AVAILABILITY = YES_AGGRESSIVE;
				CLANG_WARN_UNREACHABLE_CODE = YES;
				CLANG_WARN__DUPLICATE_METHOD_MATCH = YES;
				CODE_SIGN_IDENTITY = "iPhone Developer";
				COPY_PHASE_STRIP = NO;
				DEBUG_INFORMATION_FORMAT = "dwarf-with-dsym";
				ENABLE_NS_ASSERTIONS = NO;
				ENABLE_STRICT_OBJC_MSGSEND = YES;
				GCC_C_LANGUAGE_STANDARD = gnu11;
				GCC_NO_COMMON_BLOCKS = YES;
				GCC_WARN_64_TO_32_BIT_CONVERSION = YES;
				GCC_WARN_ABOUT_RETURN_TYPE = YES_ERROR;
				GCC_WARN_UNDECLARED_SELECTOR = YES;
				GCC_WARN_UNINITIALIZED_AUTOS = YES_AGGRESSIVE;
				GCC_WARN_UNUSED_FUNCTION = YES;
				GCC_WARN_UNUSED_VARIABLE = YES;
				IPHONEOS_DEPLOYMENT_TARGET = 11.3;
				MTL_ENABLE_DEBUG_INFO = NO;
				SDKROOT = iphoneos;
				SWIFT_COMPILATION_MODE = wholemodule;
				SWIFT_OPTIMIZATION_LEVEL = "-O";
				VALIDATE_PRODUCT = YES;
			};
			name = Release;
		};
		F2FF95D520BEF1DB00537B48 /* Debug */ = {
			isa = XCBuildConfiguration;
			buildSettings = {
				ASSETCATALOG_COMPILER_APPICON_NAME = AppIcon;
				CODE_SIGN_STYLE = Automatic;
				DEVELOPMENT_TEAM = U4VPAQ9666;
				INFOPLIST_FILE = News_app/Info.plist;
				IPHONEOS_DEPLOYMENT_TARGET = 11.3;
				LD_RUNPATH_SEARCH_PATHS = (
					"$(inherited)",
					"@executable_path/Frameworks",
				);
				PRODUCT_BUNDLE_IDENTIFIER = "com.haruna.News-app";
				PRODUCT_NAME = "$(TARGET_NAME)";
				SWIFT_VERSION = 4.0;
				TARGETED_DEVICE_FAMILY = 1;
			};
			name = Debug;
		};
		F2FF95D620BEF1DB00537B48 /* Release */ = {
			isa = XCBuildConfiguration;
			buildSettings = {
				ASSETCATALOG_COMPILER_APPICON_NAME = AppIcon;
				CODE_SIGN_STYLE = Automatic;
				DEVELOPMENT_TEAM = U4VPAQ9666;
				INFOPLIST_FILE = News_app/Info.plist;
				IPHONEOS_DEPLOYMENT_TARGET = 11.3;
				LD_RUNPATH_SEARCH_PATHS = (
					"$(inherited)",
					"@executable_path/Frameworks",
				);
				PRODUCT_BUNDLE_IDENTIFIER = "com.haruna.News-app";
				PRODUCT_NAME = "$(TARGET_NAME)";
				SWIFT_VERSION = 4.0;
				TARGETED_DEVICE_FAMILY = 1;
			};
			name = Release;
		};
		F2FF95D820BEF1DB00537B48 /* Debug */ = {
			isa = XCBuildConfiguration;
			buildSettings = {
				ALWAYS_EMBED_SWIFT_STANDARD_LIBRARIES = YES;
				BUNDLE_LOADER = "$(TEST_HOST)";
				CODE_SIGN_STYLE = Automatic;
				INFOPLIST_FILE = News_appTests/Info.plist;
				LD_RUNPATH_SEARCH_PATHS = (
					"$(inherited)",
					"@executable_path/Frameworks",
					"@loader_path/Frameworks",
				);
				PRODUCT_BUNDLE_IDENTIFIER = "com.haruna.News-appTests";
				PRODUCT_NAME = "$(TARGET_NAME)";
				SWIFT_VERSION = 4.0;
				TARGETED_DEVICE_FAMILY = "1,2";
				TEST_HOST = "$(BUILT_PRODUCTS_DIR)/News_app.app/News_app";
			};
			name = Debug;
		};
		F2FF95D920BEF1DB00537B48 /* Release */ = {
			isa = XCBuildConfiguration;
			buildSettings = {
				ALWAYS_EMBED_SWIFT_STANDARD_LIBRARIES = YES;
				BUNDLE_LOADER = "$(TEST_HOST)";
				CODE_SIGN_STYLE = Automatic;
				INFOPLIST_FILE = News_appTests/Info.plist;
				LD_RUNPATH_SEARCH_PATHS = (
					"$(inherited)",
					"@executable_path/Frameworks",
					"@loader_path/Frameworks",
				);
				PRODUCT_BUNDLE_IDENTIFIER = "com.haruna.News-appTests";
				PRODUCT_NAME = "$(TARGET_NAME)";
				SWIFT_VERSION = 4.0;
				TARGETED_DEVICE_FAMILY = "1,2";
				TEST_HOST = "$(BUILT_PRODUCTS_DIR)/News_app.app/News_app";
			};
			name = Release;
		};
		F2FF95DB20BEF1DB00537B48 /* Debug */ = {
			isa = XCBuildConfiguration;
			buildSettings = {
				ALWAYS_EMBED_SWIFT_STANDARD_LIBRARIES = YES;
				CODE_SIGN_STYLE = Automatic;
				INFOPLIST_FILE = News_appUITests/Info.plist;
				LD_RUNPATH_SEARCH_PATHS = (
					"$(inherited)",
					"@executable_path/Frameworks",
					"@loader_path/Frameworks",
				);
				PRODUCT_BUNDLE_IDENTIFIER = "com.haruna.News-appUITests";
				PRODUCT_NAME = "$(TARGET_NAME)";
				SWIFT_VERSION = 4.0;
				TARGETED_DEVICE_FAMILY = "1,2";
				TEST_TARGET_NAME = News_app;
			};
			name = Debug;
		};
		F2FF95DC20BEF1DB00537B48 /* Release */ = {
			isa = XCBuildConfiguration;
			buildSettings = {
				ALWAYS_EMBED_SWIFT_STANDARD_LIBRARIES = YES;
				CODE_SIGN_STYLE = Automatic;
				INFOPLIST_FILE = News_appUITests/Info.plist;
				LD_RUNPATH_SEARCH_PATHS = (
					"$(inherited)",
					"@executable_path/Frameworks",
					"@loader_path/Frameworks",
				);
				PRODUCT_BUNDLE_IDENTIFIER = "com.haruna.News-appUITests";
				PRODUCT_NAME = "$(TARGET_NAME)";
				SWIFT_VERSION = 4.0;
				TARGETED_DEVICE_FAMILY = "1,2";
				TEST_TARGET_NAME = News_app;
			};
			name = Release;
		};
/* End XCBuildConfiguration section */

/* Begin XCConfigurationList section */
		F2FF95A720BEF1DA00537B48 /* Build configuration list for PBXProject "News_app" */ = {
			isa = XCConfigurationList;
			buildConfigurations = (
				F2FF95D220BEF1DB00537B48 /* Debug */,
				F2FF95D320BEF1DB00537B48 /* Release */,
			);
			defaultConfigurationIsVisible = 0;
			defaultConfigurationName = Release;
		};
		F2FF95D420BEF1DB00537B48 /* Build configuration list for PBXNativeTarget "News_app" */ = {
			isa = XCConfigurationList;
			buildConfigurations = (
				F2FF95D520BEF1DB00537B48 /* Debug */,
				F2FF95D620BEF1DB00537B48 /* Release */,
			);
			defaultConfigurationIsVisible = 0;
			defaultConfigurationName = Release;
		};
		F2FF95D720BEF1DB00537B48 /* Build configuration list for PBXNativeTarget "News_appTests" */ = {
			isa = XCConfigurationList;
			buildConfigurations = (
				F2FF95D820BEF1DB00537B48 /* Debug */,
				F2FF95D920BEF1DB00537B48 /* Release */,
			);
			defaultConfigurationIsVisible = 0;
			defaultConfigurationName = Release;
		};
		F2FF95DA20BEF1DB00537B48 /* Build configuration list for PBXNativeTarget "News_appUITests" */ = {
			isa = XCConfigurationList;
			buildConfigurations = (
				F2FF95DB20BEF1DB00537B48 /* Debug */,
				F2FF95DC20BEF1DB00537B48 /* Release */,
			);
			defaultConfigurationIsVisible = 0;
			defaultConfigurationName = Release;
		};
/* End XCConfigurationList section */
	};
	rootObject = F2FF95A420BEF1DA00537B48 /* Project object */;
}
